Microsoft Visual Studio Solution File, Format Version 11.00
# Visual Studio 2008

Project("{411F129F-63D4-25A0-8567-60E8C263593A}") = "GniKid", "Assembly-CSharp.csproj", "{B914271D-AD89-31D8-0CE8-61AC2C94C2C1}"
EndProject
Global
	GlobalSection(SolutionConfigurationPlatforms) = preSolution
		Debug|Any CPU = Debug|Any CPU
		Release|Any CPU = Release|Any CPU
	EndGlobalSection
	GlobalSection(ProjectConfigurationPlatforms) = postSolution
		{B914271D-AD89-31D8-0CE8-61AC2C94C2C1}.Debug|Any CPU.ActiveCfg = Debug|Any CPU
		{B914271D-AD89-31D8-0CE8-61AC2C94C2C1}.Debug|Any CPU.Build.0 = Debug|Any CPU
		{B914271D-AD89-31D8-0CE8-61AC2C94C2C1}.Release|Any CPU.ActiveCfg = Release|Any CPU
		{B914271D-AD89-31D8-0CE8-61AC2C94C2C1}.Release|Any CPU.Build.0 = Release|Any CPU
	EndGlobalSection
	GlobalSection(SolutionProperties) = preSolution
		HideSolutionNode = FALSE
	EndGlobalSection
	GlobalSection(MonoDevelopProperties) = preSolution
		StartupItem = Assembly-CSharp.csproj
	EndGlobalSection
EndGlobal
